{
    "_readme": [
        "This file locks the dependencies of your project to a known state",
        "Read more about it at https://getcomposer.org/doc/01-basic-usage.md#installing-dependencies",
        "This file is @generated automatically"
    ],
    "content-hash": "9a69d44bc47209c7e25919047f79cb5e",
    "packages": [
        {
            "name": "psr/http-client",
            "version": "1.0.1",
            "source": {
                "type": "git",
                "url": "https://github.com/php-fig/http-client.git",
                "reference": "2dfb5f6c5eff0e91e20e913f8c5452ed95b86621"
            },
            "dist": {
                "type": "zip",
                "url": "https://api.github.com/repos/php-fig/http-client/zipball/2dfb5f6c5eff0e91e20e913f8c5452ed95b86621",
                "reference": "2dfb5f6c5eff0e91e20e913f8c5452ed95b86621",
                "shasum": ""
            },
            "require": {
                "php": "^7.0 || ^8.0",
                "psr/http-message": "^1.0"
            },
            "type": "library",
            "extra": {
                "branch-alias": {
                    "dev-master": "1.0.x-dev"
                }
            },
            "autoload": {
                "psr-4": {
                    "Psr\\Http\\Client\\": "src/"
                }
            },
            "notification-url": "https://packagist.org/downloads/",
            "license": [
                "MIT"
            ],
            "authors": [
                {
                    "name": "PHP-FIG",
                    "homepage": "http://www.php-fig.org/"
                }
            ],
            "description": "Common interface for HTTP clients",
            "homepage": "https://github.com/php-fig/http-client",
            "keywords": [
                "http",
                "http-client",
                "psr",
                "psr-18"
            ],
            "support": {
                "source": "https://github.com/php-fig/http-client/tree/master"
            },
            "time": "2020-06-29T06:28:15+00:00"
        },
        {
            "name": "psr/http-factory",
            "version": "1.0.1",
            "source": {
                "type": "git",
                "url": "https://github.com/php-fig/http-factory.git",
                "reference": "12ac7fcd07e5b077433f5f2bee95b3a771bf61be"
            },
            "dist": {
                "type": "zip",
                "url": "https://api.github.com/repos/php-fig/http-factory/zipball/12ac7fcd07e5b077433f5f2bee95b3a771bf61be",
                "reference": "12ac7fcd07e5b077433f5f2bee95b3a771bf61be",
                "shasum": ""
            },
            "require": {
                "php": ">=7.0.0",
                "psr/http-message": "^1.0"
            },
            "type": "library",
            "extra": {
                "branch-alias": {
                    "dev-master": "1.0.x-dev"
                }
            },
            "autoload": {
                "psr-4": {
                    "Psr\\Http\\Message\\": "src/"
                }
            },
            "notification-url": "https://packagist.org/downloads/",
            "license": [
                "MIT"
            ],
            "authors": [
                {
                    "name": "PHP-FIG",
                    "homepage": "http://www.php-fig.org/"
                }
            ],
            "description": "Common interfaces for PSR-7 HTTP message factories",
            "keywords": [
                "factory",
                "http",
                "message",
                "psr",
                "psr-17",
                "psr-7",
                "request",
                "response"
            ],
            "support": {
                "source": "https://github.com/php-fig/http-factory/tree/master"
            },
            "time": "2019-04-30T12:38:16+00:00"
        },
        {
            "name": "psr/http-message",
            "version": "1.0.1",
            "source": {
                "type": "git",
                "url": "https://github.com/php-fig/http-message.git",
                "reference": "f6561bf28d520154e4b0ec72be95418abe6d9363"
            },
            "dist": {
                "type": "zip",
                "url": "https://api.github.com/repos/php-fig/http-message/zipball/f6561bf28d520154e4b0ec72be95418abe6d9363",
                "reference": "f6561bf28d520154e4b0ec72be95418abe6d9363",
                "shasum": ""
            },
            "require": {
                "php": ">=5.3.0"
            },
            "type": "library",
            "extra": {
                "branch-alias": {
                    "dev-master": "1.0.x-dev"
                }
            },
            "autoload": {
                "psr-4": {
                    "Psr\\Http\\Message\\": "src/"
                }
            },
            "notification-url": "https://packagist.org/downloads/",
            "license": [
                "MIT"
            ],
            "authors": [
                {
                    "name": "PHP-FIG",
                    "homepage": "http://www.php-fig.org/"
                }
            ],
            "description": "Common interface for HTTP messages",
            "homepage": "https://github.com/php-fig/http-message",
            "keywords": [
                "http",
                "http-message",
                "psr",
                "psr-7",
                "request",
                "response"
            ],
            "support": {
                "source": "https://github.com/php-fig/http-message/tree/master"
            },
            "time": "2016-08-06T14:39:51+00:00"
        },
        {
            "name": "vaclavvanik/soap-binding",
            "version": "0.2.0",
            "source": {
                "type": "git",
                "url": "https://github.com/vaclavvanik/soap-binding.git",
                "reference": "03aed314fb5a1b4018bc2fefde1cc019456dabd9"
            },
            "dist": {
                "type": "zip",
                "url": "https://api.github.com/repos/vaclavvanik/soap-binding/zipball/03aed314fb5a1b4018bc2fefde1cc019456dabd9",
                "reference": "03aed314fb5a1b4018bc2fefde1cc019456dabd9",
                "shasum": ""
            },
            "require": {
                "ext-soap": "*",
                "php": "^7.3 || ^8.0",
                "psr/http-factory": "^1.0.1",
                "psr/http-message": "^1.0.0",
                "vaclavvanik/soap-interpreter": "^0.2.0"
            },
            "type": "library",
            "extra": {
                "branch-alias": {
                    "dev-master": "0.2.x-dev"
                }
            },
            "autoload": {
                "psr-4": {
                    "VaclavVanik\\Soap\\Binding\\": "src/"
                }
            },
            "notification-url": "https://packagist.org/downloads/",
            "license": [
                "MIT"
            ],
            "authors": [
                {
                    "name": "Václav Vaník",
                    "email": "vaclav.vanik@gmail.com"
                }
            ],
            "description": "Binding SOAP messages to PSR-7 HTTP messages",
            "homepage": "https://github.com/vaclavvanik/soap-binding",
            "keywords": [
                "request",
                "response",
                "soap",
                "wsdl"
            ],
            "support": {
                "issues": "https://github.com/vaclavvanik/soap-binding/issues",
                "source": "https://github.com/vaclavvanik/soap-binding/tree/0.2.0"
            },
            "time": "2021-12-09T10:46:16+00:00"
        },
        {
            "name": "vaclavvanik/soap-interpreter",
            "version": "0.2.0",
            "source": {
                "type": "git",
                "url": "https://github.com/vaclavvanik/soap-interpreter.git",
                "reference": "a1efff966fe26b920dd40fe84c840ec0eb02d1bf"
            },
            "dist": {
                "type": "zip",
                "url": "https://api.github.com/repos/vaclavvanik/soap-interpreter/zipball/a1efff966fe26b920dd40fe84c840ec0eb02d1bf",
                "reference": "a1efff966fe26b920dd40fe84c840ec0eb02d1bf",
                "shasum": ""
            },
            "require": {
                "ext-soap": "*",
                "php": "^7.3 || ^8.0"
            },
            "type": "library",
            "extra": {
                "branch-alias": {
                    "dev-master": "0.2.x-dev"
                }
            },
            "autoload": {
                "psr-4": {
                    "VaclavVanik\\Soap\\Interpreter\\": "src/"
                }
            },
            "notification-url": "https://packagist.org/downloads/",
            "license": [
                "MIT"
            ],
            "authors": [
                {
                    "name": "Václav Vaník",
                    "email": "vaclav.vanik@gmail.com"
                }
            ],
            "description": "Interpreting of SOAP 1.1 and SOAP 1.2 messages",
            "homepage": "https://github.com/vaclavvanik/soap-interpreter",
            "keywords": [
                "request",
                "response",
                "soap",
                "wsdl"
            ],
            "support": {
                "issues": "https://github.com/vaclavvanik/soap-interpreter/issues",
                "source": "https://github.com/vaclavvanik/soap-interpreter/tree/0.2.0"
            },
            "time": "2021-12-08T12:53:36+00:00"
        }
    ],
    "packages-dev": [],
    "aliases": [],
    "minimum-stability": "stable",
    "stability-flags": [],
    "prefer-stable": false,
    "prefer-lowest": false,
    "platform": {
        "php": "^7.3 || ^8.0",
        "ext-soap": "*"
    },
    "platform-dev": [],
    "plugin-api-version": "2.1.0"
}
